
Microsoft Visual Studio Solution File, Format Version 12.00
# Visual Studio Version 17
VisualStudioVersion = 17.3.32901.215
MinimumVisualStudioVersion = 10.0.40219.1
Project("{2150E333-8FDC-42A3-9474-1A3956D46DE8}") = "11_WebAPI", "11_WebAPI", "{24FFE4D5-DE34-4FF9-825D-ED1116E1CA55}"
EndProject
Project("{9A19103F-16F7-4668-BE54-9A1E7A4F7556}") = "WebAPIDemo1", "WebAPIDemo1\WebAPIDemo1.csproj", "{EE2CCC13-7ACD-4EC0-B853-99427178F39C}"
EndProject
Project("{2150E333-8FDC-42A3-9474-1A3956D46DE8}") = "12_ASP.NET依赖注入", "12_ASP.NET依赖注入", "{F97B9B1C-A8CE-4BA9-80F1-F2226944A006}"
EndProject
Project("{9A19103F-16F7-4668-BE54-9A1E7A4F7556}") = "12DEMO1", "DEMO1\12DEMO1.csproj", "{C1EDCF67-8A0D-4CC2-8D98-47C86CE4B4AB}"
EndProject
Project("{2150E333-8FDC-42A3-9474-1A3956D46DE8}") = "13_案例各项目自己注册服务(未做)", "13_案例各项目自己注册服务(未做)", "{9DD01193-8FB3-4788-9317-534AAB2C816E}"
EndProject
Project("{9A19103F-16F7-4668-BE54-9A1E7A4F7556}") = "13Demo1", "13Demo1\13Demo1.csproj", "{A623FAB3-956A-4BE4-9D3A-FDC4673E7DDD}"
EndProject
Project("{9A19103F-16F7-4668-BE54-9A1E7A4F7556}") = "13_ClassLibrary1", "13_ClassLibrary1\13_ClassLibrary1.csproj", "{B5556782-B2ED-46CB-8622-1156F1268B22}"
EndProject
Project("{9A19103F-16F7-4668-BE54-9A1E7A4F7556}") = "13_ClassLibrary2", "13_ClassLibrary2\13_ClassLibrary2.csproj", "{6DC0C4BE-EC8E-43D5-A010-CF73CB31F9AB}"
EndProject
Project("{2150E333-8FDC-42A3-9474-1A3956D46DE8}") = "14_缓存", "14_缓存", "{7BB1B458-A489-400B-87AB-A17D7F4B146F}"
EndProject
Project("{FAE04EC0-301F-11D3-BF4B-00C04F79EFBC}") = "14_cache01", "14_cacle01\14_cache01.csproj", "{2B9D1B03-664B-4F68-8CE4-1C09E10A3EA6}"
EndProject
Global
	GlobalSection(SolutionConfigurationPlatforms) = preSolution
		Debug|Any CPU = Debug|Any CPU
		Release|Any CPU = Release|Any CPU
	EndGlobalSection
	GlobalSection(ProjectConfigurationPlatforms) = postSolution
		{EE2CCC13-7ACD-4EC0-B853-99427178F39C}.Debug|Any CPU.ActiveCfg = Debug|Any CPU
		{EE2CCC13-7ACD-4EC0-B853-99427178F39C}.Debug|Any CPU.Build.0 = Debug|Any CPU
		{EE2CCC13-7ACD-4EC0-B853-99427178F39C}.Release|Any CPU.ActiveCfg = Release|Any CPU
		{EE2CCC13-7ACD-4EC0-B853-99427178F39C}.Release|Any CPU.Build.0 = Release|Any CPU
		{C1EDCF67-8A0D-4CC2-8D98-47C86CE4B4AB}.Debug|Any CPU.ActiveCfg = Debug|Any CPU
		{C1EDCF67-8A0D-4CC2-8D98-47C86CE4B4AB}.Debug|Any CPU.Build.0 = Debug|Any CPU
		{C1EDCF67-8A0D-4CC2-8D98-47C86CE4B4AB}.Release|Any CPU.ActiveCfg = Release|Any CPU
		{C1EDCF67-8A0D-4CC2-8D98-47C86CE4B4AB}.Release|Any CPU.Build.0 = Release|Any CPU
		{A623FAB3-956A-4BE4-9D3A-FDC4673E7DDD}.Debug|Any CPU.ActiveCfg = Debug|Any CPU
		{A623FAB3-956A-4BE4-9D3A-FDC4673E7DDD}.Debug|Any CPU.Build.0 = Debug|Any CPU
		{A623FAB3-956A-4BE4-9D3A-FDC4673E7DDD}.Release|Any CPU.ActiveCfg = Release|Any CPU
		{A623FAB3-956A-4BE4-9D3A-FDC4673E7DDD}.Release|Any CPU.Build.0 = Release|Any CPU
		{B5556782-B2ED-46CB-8622-1156F1268B22}.Debug|Any CPU.ActiveCfg = Debug|Any CPU
		{B5556782-B2ED-46CB-8622-1156F1268B22}.Debug|Any CPU.Build.0 = Debug|Any CPU
		{B5556782-B2ED-46CB-8622-1156F1268B22}.Release|Any CPU.ActiveCfg = Release|Any CPU
		{B5556782-B2ED-46CB-8622-1156F1268B22}.Release|Any CPU.Build.0 = Release|Any CPU
		{6DC0C4BE-EC8E-43D5-A010-CF73CB31F9AB}.Debug|Any CPU.ActiveCfg = Debug|Any CPU
		{6DC0C4BE-EC8E-43D5-A010-CF73CB31F9AB}.Debug|Any CPU.Build.0 = Debug|Any CPU
		{6DC0C4BE-EC8E-43D5-A010-CF73CB31F9AB}.Release|Any CPU.ActiveCfg = Release|Any CPU
		{6DC0C4BE-EC8E-43D5-A010-CF73CB31F9AB}.Release|Any CPU.Build.0 = Release|Any CPU
		{2B9D1B03-664B-4F68-8CE4-1C09E10A3EA6}.Debug|Any CPU.ActiveCfg = Debug|Any CPU
		{2B9D1B03-664B-4F68-8CE4-1C09E10A3EA6}.Debug|Any CPU.Build.0 = Debug|Any CPU
		{2B9D1B03-664B-4F68-8CE4-1C09E10A3EA6}.Release|Any CPU.ActiveCfg = Release|Any CPU
		{2B9D1B03-664B-4F68-8CE4-1C09E10A3EA6}.Release|Any CPU.Build.0 = Release|Any CPU
	EndGlobalSection
	GlobalSection(SolutionProperties) = preSolution
		HideSolutionNode = FALSE
	EndGlobalSection
	GlobalSection(NestedProjects) = preSolution
		{EE2CCC13-7ACD-4EC0-B853-99427178F39C} = {24FFE4D5-DE34-4FF9-825D-ED1116E1CA55}
		{C1EDCF67-8A0D-4CC2-8D98-47C86CE4B4AB} = {F97B9B1C-A8CE-4BA9-80F1-F2226944A006}
		{A623FAB3-956A-4BE4-9D3A-FDC4673E7DDD} = {9DD01193-8FB3-4788-9317-534AAB2C816E}
		{B5556782-B2ED-46CB-8622-1156F1268B22} = {9DD01193-8FB3-4788-9317-534AAB2C816E}
		{6DC0C4BE-EC8E-43D5-A010-CF73CB31F9AB} = {9DD01193-8FB3-4788-9317-534AAB2C816E}
		{2B9D1B03-664B-4F68-8CE4-1C09E10A3EA6} = {7BB1B458-A489-400B-87AB-A17D7F4B146F}
	EndGlobalSection
	GlobalSection(ExtensibilityGlobals) = postSolution
		SolutionGuid = {7D0782A1-F690-4737-B79A-886B4AC986FD}
	EndGlobalSection
EndGlobal
